
Microsoft Visual Studio Solution File, Format Version 12.00
# Visual Studio Version 16
VisualStudioVersion = 16.0.29326.143
MinimumVisualStudioVersion = 10.0.40219.1
Project("{FAE04EC0-301F-11D3-BF4B-00C04F79EFBC}") = "BridgeExample", "BridgeExample\BridgeExample.csproj", "{EDFA0655-6D50-4B10-8258-0912E6F655A5}"
EndProject
Global
	GlobalSection(SolutionConfigurationPlatforms) = preSolution
		Debug|Any CPU = Debug|Any CPU
		Release|Any CPU = Release|Any CPU
	EndGlobalSection
	GlobalSection(ProjectConfigurationPlatforms) = postSolution
		{EDFA0655-6D50-4B10-8258-0912E6F655A5}.Debug|Any CPU.ActiveCfg = Debug|Any CPU
		{EDFA0655-6D50-4B10-8258-0912E6F655A5}.Debug|Any CPU.Build.0 = Debug|Any CPU
		{EDFA0655-6D50-4B10-8258-0912E6F655A5}.Release|Any CPU.ActiveCfg = Release|Any CPU
		{EDFA0655-6D50-4B10-8258-0912E6F655A5}.Release|Any CPU.Build.0 = Release|Any CPU
	EndGlobalSection
	GlobalSection(SolutionProperties) = preSolution
		HideSolutionNode = FALSE
	EndGlobalSection
	GlobalSection(ExtensibilityGlobals) = postSolution
		SolutionGuid = {399812B8-AB0F-4370-8C84-E3B08E19D840}
	EndGlobalSection
EndGlobal
